{
  "version": "4",
  "specifiers": {
    "jsr:@std/assert@*": "1.0.14",
    "jsr:@std/assert@1": "1.0.14",
    "jsr:@std/assert@^1.0.13": "1.0.14",
    "jsr:@std/async@*": "1.0.14",
    "jsr:@std/async@^1.0.13": "1.0.14",
    "jsr:@std/data-structures@^1.0.9": "1.0.9",
    "jsr:@std/internal@^1.0.10": "1.0.10",
    "jsr:@std/testing@*": "1.0.15",
    "jsr:@std/testing@1": "1.0.15"
  },
  "jsr": {
    "@std/assert@1.0.14": {
      "integrity": "68d0d4a43b365abc927f45a9b85c639ea18a9fab96ad92281e493e4ed84abaa4",
      "dependencies": [
        "jsr:@std/internal"
      ]
    },
    "@std/async@1.0.14": {
      "integrity": "62e954a418652c704d37563a3e54a37d4cf0268a9dcaeac1660cc652880b5326"
    },
    "@std/data-structures@1.0.9": {
      "integrity": "033d6e17e64bf1f84a614e647c1b015fa2576ae3312305821e1a4cb20674bb4d"
    },
    "@std/internal@1.0.10": {
      "integrity": "e3be62ce42cab0e177c27698e5d9800122f67b766a0bea6ca4867886cbde8cf7"
    },
    "@std/testing@1.0.15": {
      "integrity": "a490169f5ccb0f3ae9c94fbc69d2cd43603f2cffb41713a85f99bbb0e3087cbc",
      "dependencies": [
        "jsr:@std/assert@^1.0.13",
        "jsr:@std/async@^1.0.13",
        "jsr:@std/data-structures"
      ]
    }
  },
  "remote": {
    "https://deno.land/std@0.224.0/async/delay.ts": "f90dd685b97c2f142b8069082993e437b1602b8e2561134827eeb7c12b95c499",
    "https://deno.land/std@0.224.0/data_structures/_binary_search_node.ts": "ce1da11601fef0638df4d1e53c377f791f96913383277389286b390685d76c07",
    "https://deno.land/std@0.224.0/data_structures/_red_black_node.ts": "4af8d3c5ac5f119d8058269259c46ea22ead567246cacde04584a83e43a9d2ea",
    "https://deno.land/std@0.224.0/data_structures/binary_search_tree.ts": "2dd43d97ce5f5a4bdba11b075eb458db33e9143f50997b0eebf02912cb44f5d5",
    "https://deno.land/std@0.224.0/data_structures/comparators.ts": "17dfa68bf1550edadbfdd453a06f9819290bcb534c9945b5cec4b30242cff475",
    "https://deno.land/std@0.224.0/data_structures/red_black_tree.ts": "2222be0c46842fc932e2c8589a66dced9e6eae180914807c5c55d1aa4c8c1b9b",
    "https://deno.land/std@0.224.0/testing/_time.ts": "fefd1ff35b50a410db9b0e7227e05163e1b172c88afd0d2071df0125958c3ff3",
    "https://deno.land/std@0.224.0/testing/time.ts": "7119072a198e9913da0d21106b1f05a90a4c05b07075529770ff0e2a9eb5eaba"
  },
  "workspace": {
    "dependencies": [
      "jsr:@std/assert@1"
    ]
  }
}
